<?xml version="1.0" encoding="utf-8"?>
<Project ToolsVersion="4.0" xmlns="http://schemas.microsoft.com/developer/msbuild/2003">
  <ItemGroup>
    <Filter Include="Source Files">
      <UniqueIdentifier>{4FC737F1-C7A5-4376-A066-2A32D752A2FF}</UniqueIdentifier>
      <Extensions>cpp;c;cc;cxx;c++;cppm;ixx;def;odl;idl;hpj;bat;asm;asmx</Extensions>
    </Filter>
    <Filter Include="Header Files">
      <UniqueIdentifier>{93995380-89BD-4b04-88EB-625FBE52EBFB}</UniqueIdentifier>
      <Extensions>h;hh;hpp;hxx;h++;hm;inl;inc;ipp;xsd</Extensions>
    </Filter>
    <Filter Include="Resource Files">
      <UniqueIdentifier>{67DA6AB6-F800-4c08-8B7A-83BB121AAD01}</UniqueIdentifier>
      <Extensions>rc;ico;cur;bmp;dlg;rc2;rct;bin;rgs;gif;jpg;jpeg;jpe;resx;tiff;tif;png;wav;mfcribbon-ms</Extensions>
    </Filter>
    <Filter Include="App">
      <UniqueIdentifier>{ac5d2873-7d85-4c40-a4c2-061556899b6a}</UniqueIdentifier>
    </Filter>
    <Filter Include="GameEngine">
      <UniqueIdentifier>{ae2c37fd-2b68-4057-95ee-f6012a92bf37}</UniqueIdentifier>
    </Filter>
    <Filter Include="GameEngine\GraphicsEngine">
      <UniqueIdentifier>{73e8118c-56ab-42b7-8c9e-c5e4fe23509a}</UniqueIdentifier>
    </Filter>
    <Filter Include="GameEngine\GraphicsEngine\SwapChain">
      <UniqueIdentifier>{009767f0-8066-4d65-b334-131f2710a6e7}</UniqueIdentifier>
    </Filter>
    <Filter Include="GameEngine\Shaders">
      <UniqueIdentifier>{102a26d8-1e66-4f5b-a2a4-b9beaa59dcc7}</UniqueIdentifier>
    </Filter>
    <Filter Include="GameEngine\Shaders\EarthShaders">
      <UniqueIdentifier>{78b940d0-b519-4354-b8d9-e17114265e20}</UniqueIdentifier>
    </Filter>
    <Filter Include="GameEngine\Shaders\PointLightShaders">
      <UniqueIdentifier>{a8b8040b-5ec9-4eee-9ddd-80881ad93d4f}</UniqueIdentifier>
    </Filter>
    <Filter Include="Source Files\Demo1">
      <UniqueIdentifier>{6698bdab-9cd6-4ea6-958d-588b846267ff}</UniqueIdentifier>
    </Filter>
    <Filter Include="Source Files\Demo2%28Space Shooter%29">
      <UniqueIdentifier>{9796a79e-f136-46ab-a769-78cb123d397e}</UniqueIdentifier>
    </Filter>
    <Filter Include="Header Files\Demo1">
      <UniqueIdentifier>{fc302438-c90f-4ad4-8701-1caeb3307e33}</UniqueIdentifier>
    </Filter>
    <Filter Include="Header Files\Demo2%28Space Shooter%29">
      <UniqueIdentifier>{9ac64b9b-cbcc-4425-b206-6ad7d18d66ef}</UniqueIdentifier>
    </Filter>
  </ItemGroup>
  <ItemGroup>
    <ClInclude Include="AppWindow.h">
      <Filter>Header Files\Demo1</Filter>
    </ClInclude>
    <ClInclude Include="ConstantBuffer.h">
      <Filter>Header Files\Demo1</Filter>
    </ClInclude>
    <ClInclude Include="DeviceContext.h">
      <Filter>Header Files\Demo1</Filter>
    </ClInclude>
    <ClInclude Include="GraphicsEngine.h">
      <Filter>Header Files\Demo1</Filter>
    </ClInclude>
    <ClInclude Include="IndexBuffer.h">
      <Filter>Header Files\Demo1</Filter>
    </ClInclude>
    <ClInclude Include="InputListener.h">
      <Filter>Header Files\Demo1</Filter>
    </ClInclude>
    <ClInclude Include="InputSystem.h">
      <Filter>Header Files\Demo1</Filter>
    </ClInclude>
    <ClInclude Include="main.h">
      <Filter>Header Files\Demo1</Filter>
    </ClInclude>
    <ClInclude Include="Material.h">
      <Filter>Header Files\Demo1</Filter>
    </ClInclude>
    <ClInclude Include="Matrix4x4.h">
      <Filter>Header Files\Demo1</Filter>
    </ClInclude>
    <ClInclude Include="Mesh.h">
      <Filter>Header Files\Demo1</Filter>
    </ClInclude>
    <ClInclude Include="MeshManager.h">
      <Filter>Header Files\Demo1</Filter>
    </ClInclude>
    <ClInclude Include="PixelShader.h">
      <Filter>Header Files\Demo1</Filter>
    </ClInclude>
    <ClInclude Include="Point.h">
      <Filter>Header Files\Demo1</Filter>
    </ClInclude>
    <ClInclude Include="Prerequisites.h">
      <Filter>Header Files\Demo1</Filter>
    </ClInclude>
    <ClInclude Include="RenderSystem.h">
      <Filter>Header Files\Demo1</Filter>
    </ClInclude>
    <ClInclude Include="Resource.h">
      <Filter>Header Files\Demo1</Filter>
    </ClInclude>
    <ClInclude Include="ResourceManager.h">
      <Filter>Header Files\Demo1</Filter>
    </ClInclude>
    <ClInclude Include="SwapChain.h">
      <Filter>Header Files\Demo1</Filter>
    </ClInclude>
    <ClInclude Include="Texture.h">
      <Filter>Header Files\Demo1</Filter>
    </ClInclude>
    <ClInclude Include="TextureManager.h">
      <Filter>Header Files\Demo1</Filter>
    </ClInclude>
    <ClInclude Include="Vector2D.h">
      <Filter>Header Files\Demo1</Filter>
    </ClInclude>
    <ClInclude Include="Vector3D.h">
      <Filter>Header Files\Demo1</Filter>
    </ClInclude>
    <ClInclude Include="Vector4D.h">
      <Filter>Header Files\Demo1</Filter>
    </ClInclude>
    <ClInclude Include="VertexBuffer.h">
      <Filter>Header Files\Demo1</Filter>
    </ClInclude>
    <ClInclude Include="VertexMesh.h">
      <Filter>Header Files\Demo1</Filter>
    </ClInclude>
    <ClInclude Include="VertexShader.h">
      <Filter>Header Files\Demo1</Filter>
    </ClInclude>
    <ClInclude Include="SpaceShooterGame.h">
      <Filter>Header Files\Demo2%28Space Shooter%29</Filter>
    </ClInclude>
    <ClInclude Include="Window.h">
      <Filter>Header Files</Filter>
    </ClInclude>
    <ClInclude Include="MathUtility.h">
      <Filter>Header Files</Filter>
    </ClInclude>
  </ItemGroup>
  <ItemGroup>
    <ClCompile Include="AppWindow.cpp">
      <Filter>Source Files\Demo1</Filter>
    </ClCompile>
    <ClCompile Include="ConstantBuffer.cpp">
      <Filter>Source Files\Demo1</Filter>
    </ClCompile>
    <ClCompile Include="DeviceContext.cpp">
      <Filter>Source Files\Demo1</Filter>
    </ClCompile>
    <ClCompile Include="GraphicsEngine.cpp">
      <Filter>Source Files\Demo1</Filter>
    </ClCompile>
    <ClCompile Include="IndexBuffer.cpp">
      <Filter>Source Files\Demo1</Filter>
    </ClCompile>
    <ClCompile Include="InputListener.cpp">
      <Filter>Source Files\Demo1</Filter>
    </ClCompile>
    <ClCompile Include="InputSystem.cpp">
      <Filter>Source Files\Demo1</Filter>
    </ClCompile>
    <ClCompile Include="main.cpp">
      <Filter>Source Files\Demo1</Filter>
    </ClCompile>
    <ClCompile Include="Material.cpp">
      <Filter>Source Files\Demo1</Filter>
    </ClCompile>
    <ClCompile Include="Matrix4x4.cpp">
      <Filter>Source Files\Demo1</Filter>
    </ClCompile>
    <ClCompile Include="Mesh.cpp">
      <Filter>Source Files\Demo1</Filter>
    </ClCompile>
    <ClCompile Include="MeshManager.cpp">
      <Filter>Source Files\Demo1</Filter>
    </ClCompile>
    <ClCompile Include="PixelShader.cpp">
      <Filter>Source Files\Demo1</Filter>
    </ClCompile>
    <ClCompile Include="Point.cpp">
      <Filter>Source Files\Demo1</Filter>
    </ClCompile>
    <ClCompile Include="RenderSystem.cpp">
      <Filter>Source Files\Demo1</Filter>
    </ClCompile>
    <ClCompile Include="Resource.cpp">
      <Filter>Source Files\Demo1</Filter>
    </ClCompile>
    <ClCompile Include="ResourceManager.cpp">
      <Filter>Source Files\Demo1</Filter>
    </ClCompile>
    <ClCompile Include="SwapChain.cpp">
      <Filter>Source Files\Demo1</Filter>
    </ClCompile>
    <ClCompile Include="Texture.cpp">
      <Filter>Source Files\Demo1</Filter>
    </ClCompile>
    <ClCompile Include="TextureManager.cpp">
      <Filter>Source Files\Demo1</Filter>
    </ClCompile>
    <ClCompile Include="Vector2D.cpp">
      <Filter>Source Files\Demo1</Filter>
    </ClCompile>
    <ClCompile Include="Vector3D.cpp">
      <Filter>Source Files\Demo1</Filter>
    </ClCompile>
    <ClCompile Include="Vector4D.cpp">
      <Filter>Source Files\Demo1</Filter>
    </ClCompile>
    <ClCompile Include="VertexBuffer.cpp">
      <Filter>Source Files\Demo1</Filter>
    </ClCompile>
    <ClCompile Include="VertexMesh.cpp">
      <Filter>Source Files\Demo1</Filter>
    </ClCompile>
    <ClCompile Include="VertexShader.cpp">
      <Filter>Source Files\Demo1</Filter>
    </ClCompile>
    <ClCompile Include="SpaceShooterGame.cpp">
      <Filter>Source Files\Demo2%28Space Shooter%29</Filter>
    </ClCompile>
    <ClCompile Include="Window.cpp">
      <Filter>Source Files</Filter>
    </ClCompile>
  </ItemGroup>
  <ItemGroup>
    <FxCompile Include="VertexMeshLayoutShader.hlsl">
      <Filter>GameEngine\Shaders</Filter>
    </FxCompile>
    <FxCompile Include="SkyboxShader.hlsl">
      <Filter>GameEngine\Shaders</Filter>
    </FxCompile>
    <FxCompile Include="ScenePixelShader.hlsl">
      <Filter>GameEngine\Shaders</Filter>
    </FxCompile>
    <FxCompile Include="PixelShader.hlsl">
      <Filter>GameEngine\Shaders\EarthShaders</Filter>
    </FxCompile>
    <FxCompile Include="VertexShader.hlsl">
      <Filter>GameEngine\Shaders\EarthShaders</Filter>
    </FxCompile>
    <FxCompile Include="PointLightVertexShader.hlsl">
      <Filter>GameEngine\Shaders\PointLightShaders</Filter>
    </FxCompile>
    <FxCompile Include="PointLightPixelShader.hlsl">
      <Filter>GameEngine\Shaders\PointLightShaders</Filter>
    </FxCompile>
    <FxCompile Include="DirectionalLightVertexShader.hlsl">
      <Filter>GameEngine\Shaders</Filter>
    </FxCompile>
    <FxCompile Include="DirectionalLightPixelShader.hlsl">
      <Filter>GameEngine\Shaders</Filter>
    </FxCompile>
    <FxCompile Include="SkyboxVertexShader.hlsl">
      <Filter>GameEngine\Shaders</Filter>
    </FxCompile>
    <FxCompile Include="SkyboxPixelShader.hlsl">
      <Filter>GameEngine\Shaders</Filter>
    </FxCompile>
  </ItemGroup>
</Project>